
Microsoft Visual Studio Solution File, Format Version 12.00
# Visual Studio Version 17
VisualStudioVersion = 17.13.35828.75 d17.13
MinimumVisualStudioVersion = 10.0.40219.1
Project("{FAE04EC0-301F-11D3-BF4B-00C04F79EFBC}") = "task01", "task01\task01.csproj", "{5E8A4DB8-09F0-4028-896B-9BC6CCDA8E63}"
EndProject
Project("{FAE04EC0-301F-11D3-BF4B-00C04F79EFBC}") = "task01tests", "task01tests\task01tests.csproj", "{7EA1AF18-7493-4BD3-B2D8-A1FD6966BFAD}"
EndProject
Global
	GlobalSection(SolutionConfigurationPlatforms) = preSolution
		Debug|Any CPU = Debug|Any CPU
		Release|Any CPU = Release|Any CPU
	EndGlobalSection
	GlobalSection(ProjectConfigurationPlatforms) = postSolution
		{5E8A4DB8-09F0-4028-896B-9BC6CCDA8E63}.Debug|Any CPU.ActiveCfg = Debug|Any CPU
		{5E8A4DB8-09F0-4028-896B-9BC6CCDA8E63}.Debug|Any CPU.Build.0 = Debug|Any CPU
		{5E8A4DB8-09F0-4028-896B-9BC6CCDA8E63}.Release|Any CPU.ActiveCfg = Release|Any CPU
		{5E8A4DB8-09F0-4028-896B-9BC6CCDA8E63}.Release|Any CPU.Build.0 = Release|Any CPU
		{7EA1AF18-7493-4BD3-B2D8-A1FD6966BFAD}.Debug|Any CPU.ActiveCfg = Debug|Any CPU
		{7EA1AF18-7493-4BD3-B2D8-A1FD6966BFAD}.Debug|Any CPU.Build.0 = Debug|Any CPU
		{7EA1AF18-7493-4BD3-B2D8-A1FD6966BFAD}.Release|Any CPU.ActiveCfg = Release|Any CPU
		{7EA1AF18-7493-4BD3-B2D8-A1FD6966BFAD}.Release|Any CPU.Build.0 = Release|Any CPU
	EndGlobalSection
	GlobalSection(SolutionProperties) = preSolution
		HideSolutionNode = FALSE
	EndGlobalSection
	GlobalSection(ExtensibilityGlobals) = postSolution
		SolutionGuid = {37BCBE32-2BDA-49EF-A52B-E68E4250D4B0}
	EndGlobalSection
EndGlobal
